
Microsoft Visual Studio Solution File, Format Version 12.00
Project("{FAE04EC0-301F-11D3-BF4B-00C04F79EFBC}") = "Task9", "Task9\Task9.csproj", "{90D79B98-CDB4-4E16-9E12-DFEFDDC9F879}"
EndProject
Project("{FAE04EC0-301F-11D3-BF4B-00C04F79EFBC}") = "TestTask9", "TestTask9\TestTask9.csproj", "{8EFAB03D-1D8C-4C6C-ABCE-F0CBF8288C2B}"
EndProject
Global
	GlobalSection(SolutionConfigurationPlatforms) = preSolution
		Debug|Any CPU = Debug|Any CPU
		Release|Any CPU = Release|Any CPU
	EndGlobalSection
	GlobalSection(ProjectConfigurationPlatforms) = postSolution
		{90D79B98-CDB4-4E16-9E12-DFEFDDC9F879}.Debug|Any CPU.ActiveCfg = Debug|Any CPU
		{90D79B98-CDB4-4E16-9E12-DFEFDDC9F879}.Debug|Any CPU.Build.0 = Debug|Any CPU
		{90D79B98-CDB4-4E16-9E12-DFEFDDC9F879}.Release|Any CPU.ActiveCfg = Release|Any CPU
		{90D79B98-CDB4-4E16-9E12-DFEFDDC9F879}.Release|Any CPU.Build.0 = Release|Any CPU
		{8EFAB03D-1D8C-4C6C-ABCE-F0CBF8288C2B}.Debug|Any CPU.ActiveCfg = Debug|Any CPU
		{8EFAB03D-1D8C-4C6C-ABCE-F0CBF8288C2B}.Debug|Any CPU.Build.0 = Debug|Any CPU
		{8EFAB03D-1D8C-4C6C-ABCE-F0CBF8288C2B}.Release|Any CPU.ActiveCfg = Release|Any CPU
		{8EFAB03D-1D8C-4C6C-ABCE-F0CBF8288C2B}.Release|Any CPU.Build.0 = Release|Any CPU
	EndGlobalSection
EndGlobal
